
Microsoft Visual Studio Solution File, Format Version 12.00
# Visual Studio Version 16
VisualStudioVersion = 16.0.29728.190
MinimumVisualStudioVersion = 10.0.40219.1
Project("{FAE04EC0-301F-11D3-BF4B-00C04F79EFBC}") = "Hello Dungeon", "Hello Dungeon\Hello Dungeon.csproj", "{CF890424-B543-482F-9E31-75C164AF8F73}"
EndProject
Global
	GlobalSection(SolutionConfigurationPlatforms) = preSolution
		Debug|Any CPU = Debug|Any CPU
		Release|Any CPU = Release|Any CPU
	EndGlobalSection
	GlobalSection(ProjectConfigurationPlatforms) = postSolution
		{CF890424-B543-482F-9E31-75C164AF8F73}.Debug|Any CPU.ActiveCfg = Debug|Any CPU
		{CF890424-B543-482F-9E31-75C164AF8F73}.Debug|Any CPU.Build.0 = Debug|Any CPU
		{CF890424-B543-482F-9E31-75C164AF8F73}.Release|Any CPU.ActiveCfg = Release|Any CPU
		{CF890424-B543-482F-9E31-75C164AF8F73}.Release|Any CPU.Build.0 = Release|Any CPU
	EndGlobalSection
	GlobalSection(SolutionProperties) = preSolution
		HideSolutionNode = FALSE
	EndGlobalSection
	GlobalSection(ExtensibilityGlobals) = postSolution
		SolutionGuid = {C95E13EB-7926-494C-A5EA-C2AE8A5C7E1C}
	EndGlobalSection
EndGlobal
